<?xml version="1.0" encoding="UTF-8"?>
<Solution>
	<Configurations>
		<BuildType Name="Debug"/>
		<BuildType Name="Release"/>
		<BuildType Name="MinSizeRel"/>
		<BuildType Name="RelWithDebInfo"/>
		<Platform Name="x64"/>
	</Configurations>
	<Project Path="ALL_BUILD.vcxproj" Type="8bc9ceb8-8b4a-11d0-8d11-00a0c91bc942" Id="3164f35f-904b-3c1e-8856-8a5f870d2733" DefaultStartup="true">
		<BuildDependency Project="SDL2.vcxproj"/>
		<BuildDependency Project="SDL2-static.vcxproj"/>
		<BuildDependency Project="SDL2_test.vcxproj"/>
		<BuildDependency Project="SDL2main.vcxproj"/>
		<BuildDependency Project="../ZERO_CHECK.vcxproj"/>
	</Project>
	<Project Path="INSTALL.vcxproj" Type="8bc9ceb8-8b4a-11d0-8d11-00a0c91bc942" Id="fd63fb9c-49dd-3a9e-b9c3-c13ca8078c4b">
		<BuildDependency Project="ALL_BUILD.vcxproj"/>
		<BuildDependency Project="../ZERO_CHECK.vcxproj"/>
		<Build Solution="Debug|*" Project="false"/>
		<Build Solution="Release|*" Project="false"/>
		<Build Solution="MinSizeRel|*" Project="false"/>
		<Build Solution="RelWithDebInfo|*" Project="false"/>
	</Project>
	<Project Path="SDL2.vcxproj" Type="8bc9ceb8-8b4a-11d0-8d11-00a0c91bc942" Id="9d40cc3c-b450-30d9-abd1-c6ff4f0e5463">
		<BuildDependency Project="../ZERO_CHECK.vcxproj"/>
		<BuildDependency Project="sdl_headers_copy.vcxproj"/>
	</Project>
	<Project Path="SDL2-static.vcxproj" Type="8bc9ceb8-8b4a-11d0-8d11-00a0c91bc942" Id="7fdb8dde-35ef-3f80-8c56-c83b638ba48d">
		<BuildDependency Project="../ZERO_CHECK.vcxproj"/>
		<BuildDependency Project="sdl_headers_copy.vcxproj"/>
	</Project>
	<Project Path="SDL2_test.vcxproj" Type="8bc9ceb8-8b4a-11d0-8d11-00a0c91bc942" Id="c7136ff4-d79b-346e-8fac-202bfeb8382b">
		<BuildDependency Project="../ZERO_CHECK.vcxproj"/>
		<BuildDependency Project="sdl_headers_copy.vcxproj"/>
	</Project>
	<Project Path="SDL2main.vcxproj" Type="8bc9ceb8-8b4a-11d0-8d11-00a0c91bc942" Id="e33655b0-a0c8-3980-b7cd-31ac0613dc96">
		<BuildDependency Project="../ZERO_CHECK.vcxproj"/>
		<BuildDependency Project="sdl_headers_copy.vcxproj"/>
	</Project>
	<Project Path="../ZERO_CHECK.vcxproj" Type="8bc9ceb8-8b4a-11d0-8d11-00a0c91bc942" Id="d1909aeb-6cc8-3244-8634-3340b1de8121"/>
	<Project Path="sdl_headers_copy.vcxproj" Type="8bc9ceb8-8b4a-11d0-8d11-00a0c91bc942" Id="80c2acc5-c6ee-380f-9fef-4e313961f886">
		<BuildDependency Project="../ZERO_CHECK.vcxproj"/>
	</Project>
	<Project Path="uninstall.vcxproj" Type="8bc9ceb8-8b4a-11d0-8d11-00a0c91bc942" Id="f640ad7f-1df8-3a10-a534-ab5236ae8ff0">
		<BuildDependency Project="../ZERO_CHECK.vcxproj"/>
		<Build Solution="Debug|*" Project="false"/>
		<Build Solution="Release|*" Project="false"/>
		<Build Solution="MinSizeRel|*" Project="false"/>
		<Build Solution="RelWithDebInfo|*" Project="false"/>
	</Project>
</Solution>
