<?xml version="1.0" encoding="utf-8"?>
<Project ToolsVersion="18.0" xmlns="http://schemas.microsoft.com/developer/msbuild/2003">
  <ItemGroup>
    <CustomBuild Include="D:\Projetos\Fusion ENGINE\TitanEngine\build_new\CMakeFiles\8d5798d67ecabb485d416a95150458b1\INSTALL_force.rule">
      <Filter>CMake Rules</Filter>
    </CustomBuild>
  </ItemGroup>
  <ItemGroup>
    <Filter Include="CMake Rules">
      <UniqueIdentifier>{C1D40608-530A-37F2-8D71-86DFDE9E7EEC}</UniqueIdentifier>
    </Filter>
  </ItemGroup>
</Project>
