<?xml version="1.0" encoding="utf-8"?>
<Project ToolsVersion="18.0" xmlns="http://schemas.microsoft.com/developer/msbuild/2003">
  <ItemGroup>
    <CustomBuild Include="D:\Projetos\Fusion ENGINE\TitanEngine\build_new\CMakeFiles\f23053bcac384c4c6ad2995520f7c30a\SDL.h.rule">
      <Filter>CMake Rules</Filter>
    </CustomBuild>
    <CustomBuild Include="D:\Projetos\Fusion ENGINE\TitanEngine\build_new\CMakeFiles\f23053bcac384c4c6ad2995520f7c30a\SDL_assert.h.rule">
      <Filter>CMake Rules</Filter>
    </CustomBuild>
    <CustomBuild Include="D:\Projetos\Fusion ENGINE\TitanEngine\build_new\CMakeFiles\f23053bcac384c4c6ad2995520f7c30a\SDL_atomic.h.rule">
      <Filter>CMake Rules</Filter>
    </CustomBuild>
    <CustomBuild Include="D:\Projetos\Fusion ENGINE\TitanEngine\build_new\CMakeFiles\f23053bcac384c4c6ad2995520f7c30a\SDL_audio.h.rule">
      <Filter>CMake Rules</Filter>
    </CustomBuild>
    <CustomBuild Include="D:\Projetos\Fusion ENGINE\TitanEngine\build_new\CMakeFiles\f23053bcac384c4c6ad2995520f7c30a\SDL_bits.h.rule">
      <Filter>CMake Rules</Filter>
    </CustomBuild>
    <CustomBuild Include="D:\Projetos\Fusion ENGINE\TitanEngine\build_new\CMakeFiles\f23053bcac384c4c6ad2995520f7c30a\SDL_blendmode.h.rule">
      <Filter>CMake Rules</Filter>
    </CustomBuild>
    <CustomBuild Include="D:\Projetos\Fusion ENGINE\TitanEngine\build_new\CMakeFiles\f23053bcac384c4c6ad2995520f7c30a\SDL_clipboard.h.rule">
      <Filter>CMake Rules</Filter>
    </CustomBuild>
    <CustomBuild Include="D:\Projetos\Fusion ENGINE\TitanEngine\build_new\CMakeFiles\f23053bcac384c4c6ad2995520f7c30a\SDL_copying.h.rule">
      <Filter>CMake Rules</Filter>
    </CustomBuild>
    <CustomBuild Include="D:\Projetos\Fusion ENGINE\TitanEngine\build_new\CMakeFiles\f23053bcac384c4c6ad2995520f7c30a\SDL_cpuinfo.h.rule">
      <Filter>CMake Rules</Filter>
    </CustomBuild>
    <CustomBuild Include="D:\Projetos\Fusion ENGINE\TitanEngine\build_new\CMakeFiles\f23053bcac384c4c6ad2995520f7c30a\SDL_egl.h.rule">
      <Filter>CMake Rules</Filter>
    </CustomBuild>
    <CustomBuild Include="D:\Projetos\Fusion ENGINE\TitanEngine\build_new\CMakeFiles\f23053bcac384c4c6ad2995520f7c30a\SDL_endian.h.rule">
      <Filter>CMake Rules</Filter>
    </CustomBuild>
    <CustomBuild Include="D:\Projetos\Fusion ENGINE\TitanEngine\build_new\CMakeFiles\f23053bcac384c4c6ad2995520f7c30a\SDL_error.h.rule">
      <Filter>CMake Rules</Filter>
    </CustomBuild>
    <CustomBuild Include="D:\Projetos\Fusion ENGINE\TitanEngine\build_new\CMakeFiles\f23053bcac384c4c6ad2995520f7c30a\SDL_events.h.rule">
      <Filter>CMake Rules</Filter>
    </CustomBuild>
    <CustomBuild Include="D:\Projetos\Fusion ENGINE\TitanEngine\build_new\CMakeFiles\f23053bcac384c4c6ad2995520f7c30a\SDL_filesystem.h.rule">
      <Filter>CMake Rules</Filter>
    </CustomBuild>
    <CustomBuild Include="D:\Projetos\Fusion ENGINE\TitanEngine\build_new\CMakeFiles\f23053bcac384c4c6ad2995520f7c30a\SDL_gamecontroller.h.rule">
      <Filter>CMake Rules</Filter>
    </CustomBuild>
    <CustomBuild Include="D:\Projetos\Fusion ENGINE\TitanEngine\build_new\CMakeFiles\f23053bcac384c4c6ad2995520f7c30a\SDL_gesture.h.rule">
      <Filter>CMake Rules</Filter>
    </CustomBuild>
    <CustomBuild Include="D:\Projetos\Fusion ENGINE\TitanEngine\build_new\CMakeFiles\f23053bcac384c4c6ad2995520f7c30a\SDL_guid.h.rule">
      <Filter>CMake Rules</Filter>
    </CustomBuild>
    <CustomBuild Include="D:\Projetos\Fusion ENGINE\TitanEngine\build_new\CMakeFiles\f23053bcac384c4c6ad2995520f7c30a\SDL_haptic.h.rule">
      <Filter>CMake Rules</Filter>
    </CustomBuild>
    <CustomBuild Include="D:\Projetos\Fusion ENGINE\TitanEngine\build_new\CMakeFiles\f23053bcac384c4c6ad2995520f7c30a\SDL_hidapi.h.rule">
      <Filter>CMake Rules</Filter>
    </CustomBuild>
    <CustomBuild Include="D:\Projetos\Fusion ENGINE\TitanEngine\build_new\CMakeFiles\f23053bcac384c4c6ad2995520f7c30a\SDL_hints.h.rule">
      <Filter>CMake Rules</Filter>
    </CustomBuild>
    <CustomBuild Include="D:\Projetos\Fusion ENGINE\TitanEngine\build_new\CMakeFiles\f23053bcac384c4c6ad2995520f7c30a\SDL_joystick.h.rule">
      <Filter>CMake Rules</Filter>
    </CustomBuild>
    <CustomBuild Include="D:\Projetos\Fusion ENGINE\TitanEngine\build_new\CMakeFiles\f23053bcac384c4c6ad2995520f7c30a\SDL_keyboard.h.rule">
      <Filter>CMake Rules</Filter>
    </CustomBuild>
    <CustomBuild Include="D:\Projetos\Fusion ENGINE\TitanEngine\build_new\CMakeFiles\f23053bcac384c4c6ad2995520f7c30a\SDL_keycode.h.rule">
      <Filter>CMake Rules</Filter>
    </CustomBuild>
    <CustomBuild Include="D:\Projetos\Fusion ENGINE\TitanEngine\build_new\CMakeFiles\f23053bcac384c4c6ad2995520f7c30a\SDL_loadso.h.rule">
      <Filter>CMake Rules</Filter>
    </CustomBuild>
    <CustomBuild Include="D:\Projetos\Fusion ENGINE\TitanEngine\build_new\CMakeFiles\f23053bcac384c4c6ad2995520f7c30a\SDL_locale.h.rule">
      <Filter>CMake Rules</Filter>
    </CustomBuild>
    <CustomBuild Include="D:\Projetos\Fusion ENGINE\TitanEngine\build_new\CMakeFiles\f23053bcac384c4c6ad2995520f7c30a\SDL_log.h.rule">
      <Filter>CMake Rules</Filter>
    </CustomBuild>
    <CustomBuild Include="D:\Projetos\Fusion ENGINE\TitanEngine\build_new\CMakeFiles\f23053bcac384c4c6ad2995520f7c30a\SDL_main.h.rule">
      <Filter>CMake Rules</Filter>
    </CustomBuild>
    <CustomBuild Include="D:\Projetos\Fusion ENGINE\TitanEngine\build_new\CMakeFiles\f23053bcac384c4c6ad2995520f7c30a\SDL_messagebox.h.rule">
      <Filter>CMake Rules</Filter>
    </CustomBuild>
    <CustomBuild Include="D:\Projetos\Fusion ENGINE\TitanEngine\build_new\CMakeFiles\f23053bcac384c4c6ad2995520f7c30a\SDL_metal.h.rule">
      <Filter>CMake Rules</Filter>
    </CustomBuild>
    <CustomBuild Include="D:\Projetos\Fusion ENGINE\TitanEngine\build_new\CMakeFiles\f23053bcac384c4c6ad2995520f7c30a\SDL_misc.h.rule">
      <Filter>CMake Rules</Filter>
    </CustomBuild>
    <CustomBuild Include="D:\Projetos\Fusion ENGINE\TitanEngine\build_new\CMakeFiles\f23053bcac384c4c6ad2995520f7c30a\SDL_mouse.h.rule">
      <Filter>CMake Rules</Filter>
    </CustomBuild>
    <CustomBuild Include="D:\Projetos\Fusion ENGINE\TitanEngine\build_new\CMakeFiles\f23053bcac384c4c6ad2995520f7c30a\SDL_mutex.h.rule">
      <Filter>CMake Rules</Filter>
    </CustomBuild>
    <CustomBuild Include="D:\Projetos\Fusion ENGINE\TitanEngine\build_new\CMakeFiles\f23053bcac384c4c6ad2995520f7c30a\SDL_name.h.rule">
      <Filter>CMake Rules</Filter>
    </CustomBuild>
    <CustomBuild Include="D:\Projetos\Fusion ENGINE\TitanEngine\build_new\CMakeFiles\f23053bcac384c4c6ad2995520f7c30a\SDL_opengl.h.rule">
      <Filter>CMake Rules</Filter>
    </CustomBuild>
    <CustomBuild Include="D:\Projetos\Fusion ENGINE\TitanEngine\build_new\CMakeFiles\f23053bcac384c4c6ad2995520f7c30a\SDL_opengl_glext.h.rule">
      <Filter>CMake Rules</Filter>
    </CustomBuild>
    <CustomBuild Include="D:\Projetos\Fusion ENGINE\TitanEngine\build_new\CMakeFiles\f23053bcac384c4c6ad2995520f7c30a\SDL_opengles.h.rule">
      <Filter>CMake Rules</Filter>
    </CustomBuild>
    <CustomBuild Include="D:\Projetos\Fusion ENGINE\TitanEngine\build_new\CMakeFiles\f23053bcac384c4c6ad2995520f7c30a\SDL_opengles2.h.rule">
      <Filter>CMake Rules</Filter>
    </CustomBuild>
    <CustomBuild Include="D:\Projetos\Fusion ENGINE\TitanEngine\build_new\CMakeFiles\f23053bcac384c4c6ad2995520f7c30a\SDL_opengles2_gl2.h.rule">
      <Filter>CMake Rules</Filter>
    </CustomBuild>
    <CustomBuild Include="D:\Projetos\Fusion ENGINE\TitanEngine\build_new\CMakeFiles\f23053bcac384c4c6ad2995520f7c30a\SDL_opengles2_gl2ext.h.rule">
      <Filter>CMake Rules</Filter>
    </CustomBuild>
    <CustomBuild Include="D:\Projetos\Fusion ENGINE\TitanEngine\build_new\CMakeFiles\f23053bcac384c4c6ad2995520f7c30a\SDL_opengles2_gl2platform.h.rule">
      <Filter>CMake Rules</Filter>
    </CustomBuild>
    <CustomBuild Include="D:\Projetos\Fusion ENGINE\TitanEngine\build_new\CMakeFiles\f23053bcac384c4c6ad2995520f7c30a\SDL_opengles2_khrplatform.h.rule">
      <Filter>CMake Rules</Filter>
    </CustomBuild>
    <CustomBuild Include="D:\Projetos\Fusion ENGINE\TitanEngine\build_new\CMakeFiles\f23053bcac384c4c6ad2995520f7c30a\SDL_pixels.h.rule">
      <Filter>CMake Rules</Filter>
    </CustomBuild>
    <CustomBuild Include="D:\Projetos\Fusion ENGINE\TitanEngine\build_new\CMakeFiles\f23053bcac384c4c6ad2995520f7c30a\SDL_platform.h.rule">
      <Filter>CMake Rules</Filter>
    </CustomBuild>
    <CustomBuild Include="D:\Projetos\Fusion ENGINE\TitanEngine\build_new\CMakeFiles\f23053bcac384c4c6ad2995520f7c30a\SDL_power.h.rule">
      <Filter>CMake Rules</Filter>
    </CustomBuild>
    <CustomBuild Include="D:\Projetos\Fusion ENGINE\TitanEngine\build_new\CMakeFiles\f23053bcac384c4c6ad2995520f7c30a\SDL_quit.h.rule">
      <Filter>CMake Rules</Filter>
    </CustomBuild>
    <CustomBuild Include="D:\Projetos\Fusion ENGINE\TitanEngine\build_new\CMakeFiles\f23053bcac384c4c6ad2995520f7c30a\SDL_rect.h.rule">
      <Filter>CMake Rules</Filter>
    </CustomBuild>
    <CustomBuild Include="D:\Projetos\Fusion ENGINE\TitanEngine\build_new\CMakeFiles\f23053bcac384c4c6ad2995520f7c30a\SDL_render.h.rule">
      <Filter>CMake Rules</Filter>
    </CustomBuild>
    <CustomBuild Include="D:\Projetos\Fusion ENGINE\TitanEngine\build_new\CMakeFiles\f23053bcac384c4c6ad2995520f7c30a\SDL_rwops.h.rule">
      <Filter>CMake Rules</Filter>
    </CustomBuild>
    <CustomBuild Include="D:\Projetos\Fusion ENGINE\TitanEngine\build_new\CMakeFiles\f23053bcac384c4c6ad2995520f7c30a\SDL_scancode.h.rule">
      <Filter>CMake Rules</Filter>
    </CustomBuild>
    <CustomBuild Include="D:\Projetos\Fusion ENGINE\TitanEngine\build_new\CMakeFiles\f23053bcac384c4c6ad2995520f7c30a\SDL_sensor.h.rule">
      <Filter>CMake Rules</Filter>
    </CustomBuild>
    <CustomBuild Include="D:\Projetos\Fusion ENGINE\TitanEngine\build_new\CMakeFiles\f23053bcac384c4c6ad2995520f7c30a\SDL_shape.h.rule">
      <Filter>CMake Rules</Filter>
    </CustomBuild>
    <CustomBuild Include="D:\Projetos\Fusion ENGINE\TitanEngine\build_new\CMakeFiles\f23053bcac384c4c6ad2995520f7c30a\SDL_stdinc.h.rule">
      <Filter>CMake Rules</Filter>
    </CustomBuild>
    <CustomBuild Include="D:\Projetos\Fusion ENGINE\TitanEngine\build_new\CMakeFiles\f23053bcac384c4c6ad2995520f7c30a\SDL_surface.h.rule">
      <Filter>CMake Rules</Filter>
    </CustomBuild>
    <CustomBuild Include="D:\Projetos\Fusion ENGINE\TitanEngine\build_new\CMakeFiles\f23053bcac384c4c6ad2995520f7c30a\SDL_system.h.rule">
      <Filter>CMake Rules</Filter>
    </CustomBuild>
    <CustomBuild Include="D:\Projetos\Fusion ENGINE\TitanEngine\build_new\CMakeFiles\f23053bcac384c4c6ad2995520f7c30a\SDL_syswm.h.rule">
      <Filter>CMake Rules</Filter>
    </CustomBuild>
    <CustomBuild Include="D:\Projetos\Fusion ENGINE\TitanEngine\build_new\CMakeFiles\f23053bcac384c4c6ad2995520f7c30a\SDL_test.h.rule">
      <Filter>CMake Rules</Filter>
    </CustomBuild>
    <CustomBuild Include="D:\Projetos\Fusion ENGINE\TitanEngine\build_new\CMakeFiles\f23053bcac384c4c6ad2995520f7c30a\SDL_test_assert.h.rule">
      <Filter>CMake Rules</Filter>
    </CustomBuild>
    <CustomBuild Include="D:\Projetos\Fusion ENGINE\TitanEngine\build_new\CMakeFiles\f23053bcac384c4c6ad2995520f7c30a\SDL_test_common.h.rule">
      <Filter>CMake Rules</Filter>
    </CustomBuild>
    <CustomBuild Include="D:\Projetos\Fusion ENGINE\TitanEngine\build_new\CMakeFiles\f23053bcac384c4c6ad2995520f7c30a\SDL_test_compare.h.rule">
      <Filter>CMake Rules</Filter>
    </CustomBuild>
    <CustomBuild Include="D:\Projetos\Fusion ENGINE\TitanEngine\build_new\CMakeFiles\f23053bcac384c4c6ad2995520f7c30a\SDL_test_crc32.h.rule">
      <Filter>CMake Rules</Filter>
    </CustomBuild>
    <CustomBuild Include="D:\Projetos\Fusion ENGINE\TitanEngine\build_new\CMakeFiles\f23053bcac384c4c6ad2995520f7c30a\SDL_test_font.h.rule">
      <Filter>CMake Rules</Filter>
    </CustomBuild>
    <CustomBuild Include="D:\Projetos\Fusion ENGINE\TitanEngine\build_new\CMakeFiles\f23053bcac384c4c6ad2995520f7c30a\SDL_test_fuzzer.h.rule">
      <Filter>CMake Rules</Filter>
    </CustomBuild>
    <CustomBuild Include="D:\Projetos\Fusion ENGINE\TitanEngine\build_new\CMakeFiles\f23053bcac384c4c6ad2995520f7c30a\SDL_test_harness.h.rule">
      <Filter>CMake Rules</Filter>
    </CustomBuild>
    <CustomBuild Include="D:\Projetos\Fusion ENGINE\TitanEngine\build_new\CMakeFiles\f23053bcac384c4c6ad2995520f7c30a\SDL_test_images.h.rule">
      <Filter>CMake Rules</Filter>
    </CustomBuild>
    <CustomBuild Include="D:\Projetos\Fusion ENGINE\TitanEngine\build_new\CMakeFiles\f23053bcac384c4c6ad2995520f7c30a\SDL_test_log.h.rule">
      <Filter>CMake Rules</Filter>
    </CustomBuild>
    <CustomBuild Include="D:\Projetos\Fusion ENGINE\TitanEngine\build_new\CMakeFiles\f23053bcac384c4c6ad2995520f7c30a\SDL_test_md5.h.rule">
      <Filter>CMake Rules</Filter>
    </CustomBuild>
    <CustomBuild Include="D:\Projetos\Fusion ENGINE\TitanEngine\build_new\CMakeFiles\f23053bcac384c4c6ad2995520f7c30a\SDL_test_memory.h.rule">
      <Filter>CMake Rules</Filter>
    </CustomBuild>
    <CustomBuild Include="D:\Projetos\Fusion ENGINE\TitanEngine\build_new\CMakeFiles\f23053bcac384c4c6ad2995520f7c30a\SDL_test_random.h.rule">
      <Filter>CMake Rules</Filter>
    </CustomBuild>
    <CustomBuild Include="D:\Projetos\Fusion ENGINE\TitanEngine\build_new\CMakeFiles\f23053bcac384c4c6ad2995520f7c30a\SDL_thread.h.rule">
      <Filter>CMake Rules</Filter>
    </CustomBuild>
    <CustomBuild Include="D:\Projetos\Fusion ENGINE\TitanEngine\build_new\CMakeFiles\f23053bcac384c4c6ad2995520f7c30a\SDL_timer.h.rule">
      <Filter>CMake Rules</Filter>
    </CustomBuild>
    <CustomBuild Include="D:\Projetos\Fusion ENGINE\TitanEngine\build_new\CMakeFiles\f23053bcac384c4c6ad2995520f7c30a\SDL_touch.h.rule">
      <Filter>CMake Rules</Filter>
    </CustomBuild>
    <CustomBuild Include="D:\Projetos\Fusion ENGINE\TitanEngine\build_new\CMakeFiles\f23053bcac384c4c6ad2995520f7c30a\SDL_types.h.rule">
      <Filter>CMake Rules</Filter>
    </CustomBuild>
    <CustomBuild Include="D:\Projetos\Fusion ENGINE\TitanEngine\build_new\CMakeFiles\f23053bcac384c4c6ad2995520f7c30a\SDL_version.h.rule">
      <Filter>CMake Rules</Filter>
    </CustomBuild>
    <CustomBuild Include="D:\Projetos\Fusion ENGINE\TitanEngine\build_new\CMakeFiles\f23053bcac384c4c6ad2995520f7c30a\SDL_video.h.rule">
      <Filter>CMake Rules</Filter>
    </CustomBuild>
    <CustomBuild Include="D:\Projetos\Fusion ENGINE\TitanEngine\build_new\CMakeFiles\f23053bcac384c4c6ad2995520f7c30a\SDL_vulkan.h.rule">
      <Filter>CMake Rules</Filter>
    </CustomBuild>
    <CustomBuild Include="D:\Projetos\Fusion ENGINE\TitanEngine\build_new\CMakeFiles\f23053bcac384c4c6ad2995520f7c30a\begin_code.h.rule">
      <Filter>CMake Rules</Filter>
    </CustomBuild>
    <CustomBuild Include="D:\Projetos\Fusion ENGINE\TitanEngine\build_new\CMakeFiles\f23053bcac384c4c6ad2995520f7c30a\close_code.h.rule">
      <Filter>CMake Rules</Filter>
    </CustomBuild>
    <CustomBuild Include="D:\Projetos\Fusion ENGINE\TitanEngine\build_new\CMakeFiles\0ce81039c6b1c6179f8b3efaaad62ded\sdl_headers_copy.rule">
      <Filter>CMake Rules</Filter>
    </CustomBuild>
    <CustomBuild Include="d:\deps\SDL-release-2.30.0\CMakeLists.txt" />
  </ItemGroup>
  <ItemGroup>
    <None Include="D:\Projetos\Fusion ENGINE\TitanEngine\build_new\sdl2\CMakeFiles\sdl_headers_copy" />
  </ItemGroup>
  <ItemGroup>
    <Filter Include="CMake Rules">
      <UniqueIdentifier>{C1D40608-530A-37F2-8D71-86DFDE9E7EEC}</UniqueIdentifier>
    </Filter>
  </ItemGroup>
</Project>
