<?xml version="1.0" encoding="utf-8"?>
<Project ToolsVersion="18.0" xmlns="http://schemas.microsoft.com/developer/msbuild/2003">
  <ItemGroup>
    <ClCompile Include="d:\deps\lua-5.4.6\lapi.c">
      <Filter>Source Files</Filter>
    </ClCompile>
    <ClCompile Include="d:\deps\lua-5.4.6\lauxlib.c">
      <Filter>Source Files</Filter>
    </ClCompile>
    <ClCompile Include="d:\deps\lua-5.4.6\lbaselib.c">
      <Filter>Source Files</Filter>
    </ClCompile>
    <ClCompile Include="d:\deps\lua-5.4.6\lcode.c">
      <Filter>Source Files</Filter>
    </ClCompile>
    <ClCompile Include="d:\deps\lua-5.4.6\lcorolib.c">
      <Filter>Source Files</Filter>
    </ClCompile>
    <ClCompile Include="d:\deps\lua-5.4.6\lctype.c">
      <Filter>Source Files</Filter>
    </ClCompile>
    <ClCompile Include="d:\deps\lua-5.4.6\ldblib.c">
      <Filter>Source Files</Filter>
    </ClCompile>
    <ClCompile Include="d:\deps\lua-5.4.6\ldebug.c">
      <Filter>Source Files</Filter>
    </ClCompile>
    <ClCompile Include="d:\deps\lua-5.4.6\ldo.c">
      <Filter>Source Files</Filter>
    </ClCompile>
    <ClCompile Include="d:\deps\lua-5.4.6\ldump.c">
      <Filter>Source Files</Filter>
    </ClCompile>
    <ClCompile Include="d:\deps\lua-5.4.6\lfunc.c">
      <Filter>Source Files</Filter>
    </ClCompile>
    <ClCompile Include="d:\deps\lua-5.4.6\lgc.c">
      <Filter>Source Files</Filter>
    </ClCompile>
    <ClCompile Include="d:\deps\lua-5.4.6\linit.c">
      <Filter>Source Files</Filter>
    </ClCompile>
    <ClCompile Include="d:\deps\lua-5.4.6\liolib.c">
      <Filter>Source Files</Filter>
    </ClCompile>
    <ClCompile Include="d:\deps\lua-5.4.6\llex.c">
      <Filter>Source Files</Filter>
    </ClCompile>
    <ClCompile Include="d:\deps\lua-5.4.6\lmathlib.c">
      <Filter>Source Files</Filter>
    </ClCompile>
    <ClCompile Include="d:\deps\lua-5.4.6\lmem.c">
      <Filter>Source Files</Filter>
    </ClCompile>
    <ClCompile Include="d:\deps\lua-5.4.6\loadlib.c">
      <Filter>Source Files</Filter>
    </ClCompile>
    <ClCompile Include="d:\deps\lua-5.4.6\lobject.c">
      <Filter>Source Files</Filter>
    </ClCompile>
    <ClCompile Include="d:\deps\lua-5.4.6\lopcodes.c">
      <Filter>Source Files</Filter>
    </ClCompile>
    <ClCompile Include="d:\deps\lua-5.4.6\loslib.c">
      <Filter>Source Files</Filter>
    </ClCompile>
    <ClCompile Include="d:\deps\lua-5.4.6\lparser.c">
      <Filter>Source Files</Filter>
    </ClCompile>
    <ClCompile Include="d:\deps\lua-5.4.6\lstate.c">
      <Filter>Source Files</Filter>
    </ClCompile>
    <ClCompile Include="d:\deps\lua-5.4.6\lstring.c">
      <Filter>Source Files</Filter>
    </ClCompile>
    <ClCompile Include="d:\deps\lua-5.4.6\lstrlib.c">
      <Filter>Source Files</Filter>
    </ClCompile>
    <ClCompile Include="d:\deps\lua-5.4.6\ltable.c">
      <Filter>Source Files</Filter>
    </ClCompile>
    <ClCompile Include="d:\deps\lua-5.4.6\ltablib.c">
      <Filter>Source Files</Filter>
    </ClCompile>
    <ClCompile Include="d:\deps\lua-5.4.6\ltm.c">
      <Filter>Source Files</Filter>
    </ClCompile>
    <ClCompile Include="d:\deps\lua-5.4.6\lundump.c">
      <Filter>Source Files</Filter>
    </ClCompile>
    <ClCompile Include="d:\deps\lua-5.4.6\lutf8lib.c">
      <Filter>Source Files</Filter>
    </ClCompile>
    <ClCompile Include="d:\deps\lua-5.4.6\lvm.c">
      <Filter>Source Files</Filter>
    </ClCompile>
    <ClCompile Include="d:\deps\lua-5.4.6\lzio.c">
      <Filter>Source Files</Filter>
    </ClCompile>
  </ItemGroup>
  <ItemGroup>
    <CustomBuild Include="D:\Projetos\Fusion ENGINE\TitanEngine\CMakeLists.txt" />
  </ItemGroup>
  <ItemGroup>
    <Filter Include="Source Files">
      <UniqueIdentifier>{831F13F4-7C38-3F20-953F-2EF0554E3ABE}</UniqueIdentifier>
    </Filter>
  </ItemGroup>
</Project>
